// !$*UTF8*$!
{
	archiveVersion = 1;
	classes = {
	};
	objectVersion = 50;
	objects = {

/* Begin PBXBuildFile section */
		10FEC81120D25C3C000AF6F1 /* AppDelegate.swift in Sources */ = {isa = PBXBuildFile; fileRef = 10FEC81020D25C3C000AF6F1 /* AppDelegate.swift */; };
		10FEC81320D25C3C000AF6F1 /* MainViewController.swift in Sources */ = {isa = PBXBuildFile; fileRef = 10FEC81220D25C3C000AF6F1 /* MainViewController.swift */; };
		10FEC81620D25C3C000AF6F1 /* Main.storyboard in Resources */ = {isa = PBXBuildFile; fileRef = 10FEC81420D25C3C000AF6F1 /* Main.storyboard */; };
		10FEC81820D25C3D000AF6F1 /* Assets.xcassets in Resources */ = {isa = PBXBuildFile; fileRef = 10FEC81720D25C3D000AF6F1 /* Assets.xcassets */; };
		10FEC81B20D25C3D000AF6F1 /* LaunchScreen.storyboard in Resources */ = {isa = PBXBuildFile; fileRef = 10FEC81920D25C3D000AF6F1 /* LaunchScreen.storyboard */; };
		10FEC82320D26312000AF6F1 /* TrafficLightColour.swift in Sources */ = {isa = PBXBuildFile; fileRef = 10FEC82220D26312000AF6F1 /* TrafficLightColour.swift */; };
/* End PBXBuildFile section */

/* Begin PBXFileReference section */
		10FEC80D20D25C3C000AF6F1 /* StopOrGo.app */ = {isa = PBXFileReference; explicitFileType = wrapper.application; includeInIndex = 0; path = StopOrGo.app; sourceTree = BUILT_PRODUCTS_DIR; };
		10FEC81020D25C3C000AF6F1 /* AppDelegate.swift */ = {isa = PBXFileReference; lastKnownFileType = sourcecode.swift; path = AppDelegate.swift; sourceTree = "<group>"; };
		10FEC81220D25C3C000AF6F1 /* MainViewController.swift */ = {isa = PBXFileReference; lastKnownFileType = sourcecode.swift; path = MainViewController.swift; sourceTree = "<group>"; };
		10FEC81520D25C3C000AF6F1 /* Base */ = {isa = PBXFileReference; lastKnownFileType = file.storyboard; name = Base; path = Base.lproj/Main.storyboard; sourceTree = "<group>"; };
		10FEC81720D25C3D000AF6F1 /* Assets.xcassets */ = {isa = PBXFileReference; lastKnownFileType = folder.assetcatalog; path = Assets.xcassets; sourceTree = "<group>"; };
		10FEC81A20D25C3D000AF6F1 /* Base */ = {isa = PBXFileReference; lastKnownFileType = file.storyboard; name = Base; path = Base.lproj/LaunchScreen.storyboard; sourceTree = "<group>"; };
		10FEC81C20D25C3D000AF6F1 /* Info.plist */ = {isa = PBXFileReference; lastKnownFileType = text.plist.xml; path = Info.plist; sourceTree = "<group>"; };
		10FEC82220D26312000AF6F1 /* TrafficLightColour.swift */ = {isa = PBXFileReference; lastKnownFileType = sourcecode.swift; path = TrafficLightColour.swift; sourceTree = "<group>"; };
/* End PBXFileReference section */

/* Begin PBXFrameworksBuildPhase section */
		10FEC80A20D25C3C000AF6F1 /* Frameworks */ = {
			isa = PBXFrameworksBuildPhase;
			buildActionMask = 2147483647;
			files = (
			);
			runOnlyForDeploymentPostprocessing = 0;
		};
/* End PBXFrameworksBuildPhase section */

/* Begin PBXGroup section */
		10FEC80420D25C3B000AF6F1 = {
			isa = PBXGroup;
			children = (
				10FEC80F20D25C3C000AF6F1 /* StopOrGo */,
				10FEC80E20D25C3C000AF6F1 /* Products */,
			);
			sourceTree = "<group>";
		};
		10FEC80E20D25C3C000AF6F1 /* Products */ = {
			isa = PBXGroup;
			children = (
				10FEC80D20D25C3C000AF6F1 /* StopOrGo.app */,
			);
			name = Products;
			sourceTree = "<group>";
		};
		10FEC80F20D25C3C000AF6F1 /* StopOrGo */ = {
			isa = PBXGroup;
			children = (
				10FEC81020D25C3C000AF6F1 /* AppDelegate.swift */,
				10FEC81220D25C3C000AF6F1 /* MainViewController.swift */,
				10FEC81420D25C3C000AF6F1 /* Main.storyboard */,
				10FEC81720D25C3D000AF6F1 /* Assets.xcassets */,
				10FEC81920D25C3D000AF6F1 /* LaunchScreen.storyboard */,
				10FEC81C20D25C3D000AF6F1 /* Info.plist */,
				10FEC82220D26312000AF6F1 /* TrafficLightColour.swift */,
			);
			path = StopOrGo;
			sourceTree = "<group>";
		};
/* End PBXGroup section */

/* Begin PBXNativeTarget section */
		10FEC80C20D25C3C000AF6F1 /* StopOrGo */ = {
			isa = PBXNativeTarget;
			buildConfigurationList = 10FEC81F20D25C3D000AF6F1 /* Build configuration list for PBXNativeTarget "StopOrGo" */;
			buildPhases = (
				10FEC80920D25C3C000AF6F1 /* Sources */,
				10FEC80A20D25C3C000AF6F1 /* Frameworks */,
				10FEC80B20D25C3C000AF6F1 /* Resources */,
			);
			buildRules = (
			);
			dependencies = (
			);
			name = StopOrGo;
			productName = StopOrGo;
			productReference = 10FEC80D20D25C3C000AF6F1 /* StopOrGo.app */;
			productType = "com.apple.product-type.application";
		};
/* End PBXNativeTarget section */

/* Begin PBXProject section */
		10FEC80520D25C3B000AF6F1 /* Project object */ = {
			isa = PBXProject;
			attributes = {
				LastSwiftUpdateCheck = 0940;
				LastUpgradeCheck = 0940;
				ORGANIZATIONNAME = codelikeagirl;
				TargetAttributes = {
					10FEC80C20D25C3C000AF6F1 = {
						CreatedOnToolsVersion = 9.4;
					};
				};
			};
			buildConfigurationList = 10FEC80820D25C3B000AF6F1 /* Build configuration list for PBXProject "StopOrGo" */;
			compatibilityVersion = "Xcode 9.3";
			developmentRegion = en;
			hasScannedForEncodings = 0;
			knownRegions = (
				en,
				Base,
			);
			mainGroup = 10FEC80420D25C3B000AF6F1;
			productRefGroup = 10FEC80E20D25C3C000AF6F1 /* Products */;
			projectDirPath = "";
			projectRoot = "";
			targets = (
				10FEC80C20D25C3C000AF6F1 /* StopOrGo */,
			);
		};
/* End PBXProject section */

/* Begin PBXResourcesBuildPhase section */
		10FEC80B20D25C3C000AF6F1 /* Resources */ = {
			isa = PBXResourcesBuildPhase;
			buildActionMask = 2147483647;
			files = (
				10FEC81B20D25C3D000AF6F1 /* LaunchScreen.storyboard in Resources */,
				10FEC81820D25C3D000AF6F1 /* Assets.xcassets in Resources */,
				10FEC81620D25C3C000AF6F1 /* Main.storyboard in Resources */,
			);
			runOnlyForDeploymentPostprocessing = 0;
		};
/* End PBXResourcesBuildPhase section */

/* Begin PBXSourcesBuildPhase section */
		10FEC80920D25C3C000AF6F1 /* Sources */ = {
			isa = PBXSourcesBuildPhase;
			buildActionMask = 2147483647;
			files = (
				10FEC81320D25C3C000AF6F1 /* MainViewController.swift in Sources */,
				10FEC81120D25C3C000AF6F1 /* AppDelegate.swift in Sources */,
				10FEC82320D26312000AF6F1 /* TrafficLightColour.swift in Sources */,
			);
			runOnlyForDeploymentPostprocessing = 0;
		};
/* End PBXSourcesBuildPhase section */

/* Begin PBXVariantGroup section */
		10FEC81420D25C3C000AF6F1 /* Main.storyboard */ = {
			isa = PBXVariantGroup;
			children = (
				10FEC81520D25C3C000AF6F1 /* Base */,
			);
			name = Main.storyboard;
			sourceTree = "<group>";
		};
		10FEC81920D25C3D000AF6F1 /* LaunchScreen.storyboard */ = {
			isa = PBXVariantGroup;
			children = (
				10FEC81A20D25C3D000AF6F1 /* Base */,
			);
			name = LaunchScreen.storyboard;
			sourceTree = "<group>";
		};
/* End PBXVariantGroup section */

/* Begin XCBuildConfiguration section */
		10FEC81D20D25C3D000AF6F1 /* Debug */ = {
			isa = XCBuildConfiguration;
			buildSettings = {
				ALWAYS_SEARCH_USER_PATHS = NO;
				CLANG_ANALYZER_NONNULL = YES;
				CLANG_ANALYZER_NUMBER_OBJECT_CONVERSION = YES_AGGRESSIVE;
				CLANG_CXX_LANGUAGE_STANDARD = "gnu++14";
				CLANG_CXX_LIBRARY = "libc++";
				CLANG_ENABLE_MODULES = YES;
				CLANG_ENABLE_OBJC_ARC = YES;
				CLANG_ENABLE_OBJC_WEAK = YES;
				CLANG_WARN_BLOCK_CAPTURE_AUTORELEASING = YES;
				CLANG_WARN_BOOL_CONVERSION = YES;
				CLANG_WARN_COMMA = YES;
				CLANG_WARN_CONSTANT_CONVERSION = YES;
				CLANG_WARN_DEPRECATED_OBJC_IMPLEMENTATIONS = YES;
				CLANG_WARN_DIRECT_OBJC_ISA_USAGE = YES_ERROR;
				CLANG_WARN_DOCUMENTATION_COMMENTS = YES;
				CLANG_WARN_EMPTY_BODY = YES;
				CLANG_WARN_ENUM_CONVERSION = YES;
				CLANG_WARN_INFINITE_RECURSION = YES;
				CLANG_WARN_INT_CONVERSION = YES;
				CLANG_WARN_NON_LITERAL_NULL_CONVERSION = YES;
				CLANG_WARN_OBJC_IMPLICIT_RETAIN_SELF = YES;
				CLANG_WARN_OBJC_LITERAL_CONVERSION = YES;
				CLANG_WARN_OBJC_ROOT_CLASS = YES_ERROR;
				CLANG_WARN_RANGE_LOOP_ANALYSIS = YES;
				CLANG_WARN_STRICT_PROTOTYPES = YES;
				CLANG_WARN_SUSPICIOUS_MOVE = YES;
				CLANG_WARN_UNGUARDED_AVAILABILITY = YES_AGGRESSIVE;
				CLANG_WARN_UNREACHABLE_CODE = YES;
				CLANG_WARN__DUPLICATE_METHOD_MATCH = YES;
				CODE_SIGN_IDENTITY = "iPhone Developer";
				COPY_PHASE_STRIP = NO;
				DEBUG_INFORMATION_FORMAT = dwarf;
				ENABLE_STRICT_OBJC_MSGSEND = YES;
				ENABLE_TESTABILITY = YES;
				GCC_C_LANGUAGE_STANDARD = gnu11;
				GCC_DYNAMIC_NO_PIC = NO;
				GCC_NO_COMMON_BLOCKS = YES;
				GCC_OPTIMIZATION_LEVEL = 0;
				GCC_PREPROCESSOR_DEFINITIONS = (
					"DEBUG=1",
					"$(inherited)",
				);
				GCC_WARN_64_TO_32_BIT_CONVERSION = YES;
				GCC_WARN_ABOUT_RETURN_TYPE = YES_ERROR;
				GCC_WARN_UNDECLARED_SELECTOR = YES;
				GCC_WARN_UNINITIALIZED_AUTOS = YES_AGGRESSIVE;
				GCC_WARN_UNUSED_FUNCTION = YES;
				GCC_WARN_UNUSED_VARIABLE = YES;
				IPHONEOS_DEPLOYMENT_TARGET = 11.4;
				MTL_ENABLE_DEBUG_INFO = YES;
				ONLY_ACTIVE_ARCH = YES;
				SDKROOT = iphoneos;
				SWIFT_ACTIVE_COMPILATION_CONDITIONS = DEBUG;
				SWIFT_OPTIMIZATION_LEVEL = "-Onone";
			};
			name = Debug;
		};
		10FEC81E20D25C3D000AF6F1 /* Release */ = {
			isa = XCBuildConfiguration;
			buildSettings = {
				ALWAYS_SEARCH_USER_PATHS = NO;
				CLANG_ANALYZER_NONNULL = YES;
				CLANG_ANALYZER_NUMBER_OBJECT_CONVERSION = YES_AGGRESSIVE;
				CLANG_CXX_LANGUAGE_STANDARD = "gnu++14";
				CLANG_CXX_LIBRARY = "libc++";
				CLANG_ENABLE_MODULES = YES;
				CLANG_ENABLE_OBJC_ARC = YES;
				CLANG_ENABLE_OBJC_WEAK = YES;
				CLANG_WARN_BLOCK_CAPTURE_AUTORELEASING = YES;
				CLANG_WARN_BOOL_CONVERSION = YES;
				CLANG_WARN_COMMA = YES;
				CLANG_WARN_CONSTANT_CONVERSION = YES;
				CLANG_WARN_DEPRECATED_OBJC_IMPLEMENTATIONS = YES;
				CLANG_WARN_DIRECT_OBJC_ISA_USAGE = YES_ERROR;
				CLANG_WARN_DOCUMENTATION_COMMENTS = YES;
				CLANG_WARN_EMPTY_BODY = YES;
				CLANG_WARN_ENUM_CONVERSION = YES;
				CLANG_WARN_INFINITE_RECURSION = YES;
				CLANG_WARN_INT_CONVERSION = YES;
				CLANG_WARN_NON_LITERAL_NULL_CONVERSION = YES;
				CLANG_WARN_OBJC_IMPLICIT_RETAIN_SELF = YES;
				CLANG_WARN_OBJC_LITERAL_CONVERSION = YES;
				CLANG_WARN_OBJC_ROOT_CLASS = YES_ERROR;
				CLANG_WARN_RANGE_LOOP_ANALYSIS = YES;
				CLANG_WARN_STRICT_PROTOTYPES = YES;
				CLANG_WARN_SUSPICIOUS_MOVE = YES;
				CLANG_WARN_UNGUARDED_AVAILABILITY = YES_AGGRESSIVE;
				CLANG_WARN_UNREACHABLE_CODE = YES;
				CLANG_WARN__DUPLICATE_METHOD_MATCH = YES;
				CODE_SIGN_IDENTITY = "iPhone Developer";
				COPY_PHASE_STRIP = NO;
				DEBUG_INFORMATION_FORMAT = "dwarf-with-dsym";
				ENABLE_NS_ASSERTIONS = NO;
				ENABLE_STRICT_OBJC_MSGSEND = YES;
				GCC_C_LANGUAGE_STANDARD = gnu11;
				GCC_NO_COMMON_BLOCKS = YES;
				GCC_WARN_64_TO_32_BIT_CONVERSION = YES;
				GCC_WARN_ABOUT_RETURN_TYPE = YES_ERROR;
				GCC_WARN_UNDECLARED_SELECTOR = YES;
				GCC_WARN_UNINITIALIZED_AUTOS = YES_AGGRESSIVE;
				GCC_WARN_UNUSED_FUNCTION = YES;
				GCC_WARN_UNUSED_VARIABLE = YES;
				IPHONEOS_DEPLOYMENT_TARGET = 11.4;
				MTL_ENABLE_DEBUG_INFO = NO;
				SDKROOT = iphoneos;
				SWIFT_COMPILATION_MODE = wholemodule;
				SWIFT_OPTIMIZATION_LEVEL = "-O";
				VALIDATE_PRODUCT = YES;
			};
			name = Release;
		};
		10FEC82020D25C3D000AF6F1 /* Debug */ = {
			isa = XCBuildConfiguration;
			buildSettings = {
				ASSETCATALOG_COMPILER_APPICON_NAME = AppIcon;
				CODE_SIGN_STYLE = Automatic;
				INFOPLIST_FILE = StopOrGo/Info.plist;
				LD_RUNPATH_SEARCH_PATHS = (
					"$(inherited)",
					"@executable_path/Frameworks",
				);
				PRODUCT_BUNDLE_IDENTIFIER = org.codelikeagirl.StopOrGo;
				PRODUCT_NAME = "$(TARGET_NAME)";
				SWIFT_VERSION = 4.0;
				TARGETED_DEVICE_FAMILY = "1,2";
			};
			name = Debug;
		};
		10FEC82120D25C3D000AF6F1 /* Release */ = {
			isa = XCBuildConfiguration;
			buildSettings = {
				ASSETCATALOG_COMPILER_APPICON_NAME = AppIcon;
				CODE_SIGN_STYLE = Automatic;
				INFOPLIST_FILE = StopOrGo/Info.plist;
				LD_RUNPATH_SEARCH_PATHS = (
					"$(inherited)",
					"@executable_path/Frameworks",
				);
				PRODUCT_BUNDLE_IDENTIFIER = org.codelikeagirl.StopOrGo;
				PRODUCT_NAME = "$(TARGET_NAME)";
				SWIFT_VERSION = 4.0;
				TARGETED_DEVICE_FAMILY = "1,2";
			};
			name = Release;
		};
/* End XCBuildConfiguration section */

/* Begin XCConfigurationList section */
		10FEC80820D25C3B000AF6F1 /* Build configuration list for PBXProject "StopOrGo" */ = {
			isa = XCConfigurationList;
			buildConfigurations = (
				10FEC81D20D25C3D000AF6F1 /* Debug */,
				10FEC81E20D25C3D000AF6F1 /* Release */,
			);
			defaultConfigurationIsVisible = 0;
			defaultConfigurationName = Release;
		};
		10FEC81F20D25C3D000AF6F1 /* Build configuration list for PBXNativeTarget "StopOrGo" */ = {
			isa = XCConfigurationList;
			buildConfigurations = (
				10FEC82020D25C3D000AF6F1 /* Debug */,
				10FEC82120D25C3D000AF6F1 /* Release */,
			);
			defaultConfigurationIsVisible = 0;
			defaultConfigurationName = Release;
		};
/* End XCConfigurationList section */
	};
	rootObject = 10FEC80520D25C3B000AF6F1 /* Project object */;
}
